<?xml version="1.0" encoding="utf-8"?>
<Project ToolsVersion="4.0" xmlns="http://schemas.microsoft.com/developer/msbuild/2003">
  <ItemGroup>
    <Filter Include="CyEngine">
      <UniqueIdentifier>{377B295C-2348-8467-4C61-720F388DB9F5}</UniqueIdentifier>
    </Filter>
    <Filter Include="CyEngine\Events">
      <UniqueIdentifier>{3B83EB22-A70E-59E7-B01F-DCDB1C2AB5E7}</UniqueIdentifier>
    </Filter>
  </ItemGroup>
  <ItemGroup>
    <ClInclude Include="src\CyEngine.h" />
    <ClInclude Include="src\CyEngine\Application.h">
      <Filter>CyEngine</Filter>
    </ClInclude>
    <ClInclude Include="src\CyEngine\Core.h">
      <Filter>CyEngine</Filter>
    </ClInclude>
    <ClInclude Include="src\CyEngine\EntryPoint.h">
      <Filter>CyEngine</Filter>
    </ClInclude>
    <ClInclude Include="src\CyEngine\Events\ApplicationEvent.h">
      <Filter>CyEngine\Events</Filter>
    </ClInclude>
    <ClInclude Include="src\CyEngine\Events\Event.h">
      <Filter>CyEngine\Events</Filter>
    </ClInclude>
    <ClInclude Include="src\CyEngine\Events\KeyEvent.h">
      <Filter>CyEngine\Events</Filter>
    </ClInclude>
    <ClInclude Include="src\CyEngine\Events\MouseEvent.h">
      <Filter>CyEngine\Events</Filter>
    </ClInclude>
    <ClInclude Include="src\CyEngine\Events\WindowEvent.h">
      <Filter>CyEngine\Events</Filter>
    </ClInclude>
    <ClInclude Include="src\CyEngine\Log.h">
      <Filter>CyEngine</Filter>
    </ClInclude>
    <ClInclude Include="src\cypch.h" />
  </ItemGroup>
  <ItemGroup>
    <ClCompile Include="src\CyEngine\Application.cpp">
      <Filter>CyEngine</Filter>
    </ClCompile>
    <ClCompile Include="src\CyEngine\Log.cpp">
      <Filter>CyEngine</Filter>
    </ClCompile>
    <ClCompile Include="src\cypch.cpp" />
  </ItemGroup>
</Project>