<?xml version="1.0" encoding="utf-8"?>
<Project ToolsVersion="4.0" xmlns="http://schemas.microsoft.com/developer/msbuild/2003">
  <ItemGroup>
    <Filter Include="CyEngine">
      <UniqueIdentifier>{377B295C-2348-8467-4C61-720F388DB9F5}</UniqueIdentifier>
    </Filter>
    <Filter Include="CyEngine\Events">
      <UniqueIdentifier>{3B83EB22-A70E-59E7-B01F-DCDB1C2AB5E7}</UniqueIdentifier>
    </Filter>
    <Filter Include="CyEngine\Layers">
      <UniqueIdentifier>{166ECE31-82F9-3BF6-8B0A-BFEAF71498F6}</UniqueIdentifier>
    </Filter>
    <Filter Include="Platform">
      <UniqueIdentifier>{2AC788B4-1694-E3BF-3FAD-D1672BD9184E}</UniqueIdentifier>
    </Filter>
    <Filter Include="Platform\Windows">
      <UniqueIdentifier>{64FBD71A-50F4-F66C-7926-DCF1657ED678}</UniqueIdentifier>
    </Filter>
  </ItemGroup>
  <ItemGroup>
    <ClInclude Include="src\CyEngine.h" />
    <ClInclude Include="src\CyEngine\Application.h">
      <Filter>CyEngine</Filter>
    </ClInclude>
    <ClInclude Include="src\CyEngine\Core.h">
      <Filter>CyEngine</Filter>
    </ClInclude>
    <ClInclude Include="src\CyEngine\EntryPoint.h">
      <Filter>CyEngine</Filter>
    </ClInclude>
    <ClInclude Include="src\CyEngine\Events\ApplicationEvent.h">
      <Filter>CyEngine\Events</Filter>
    </ClInclude>
    <ClInclude Include="src\CyEngine\Events\Event.h">
      <Filter>CyEngine\Events</Filter>
    </ClInclude>
    <ClInclude Include="src\CyEngine\Events\KeyEvent.h">
      <Filter>CyEngine\Events</Filter>
    </ClInclude>
    <ClInclude Include="src\CyEngine\Events\MouseEvent.h">
      <Filter>CyEngine\Events</Filter>
    </ClInclude>
    <ClInclude Include="src\CyEngine\Events\WindowEvent.h">
      <Filter>CyEngine\Events</Filter>
    </ClInclude>
    <ClInclude Include="src\CyEngine\Layers\Layer.h">
      <Filter>CyEngine\Layers</Filter>
    </ClInclude>
    <ClInclude Include="src\CyEngine\Layers\LayerStack.h">
      <Filter>CyEngine\Layers</Filter>
    </ClInclude>
    <ClInclude Include="src\CyEngine\Log.h">
      <Filter>CyEngine</Filter>
    </ClInclude>
    <ClInclude Include="src\CyEngine\Window.h">
      <Filter>CyEngine</Filter>
    </ClInclude>
    <ClInclude Include="src\Platform\Windows\WindowsWindow.h">
      <Filter>Platform\Windows</Filter>
    </ClInclude>
    <ClInclude Include="src\cypch.h" />
  </ItemGroup>
  <ItemGroup>
    <ClCompile Include="src\CyEngine\Application.cpp">
      <Filter>CyEngine</Filter>
    </ClCompile>
    <ClCompile Include="src\CyEngine\Layers\Layer.cpp">
      <Filter>CyEngine\Layers</Filter>
    </ClCompile>
    <ClCompile Include="src\CyEngine\Layers\LayerStack.cpp">
      <Filter>CyEngine\Layers</Filter>
    </ClCompile>
    <ClCompile Include="src\CyEngine\Log.cpp">
      <Filter>CyEngine</Filter>
    </ClCompile>
    <ClCompile Include="src\Platform\Windows\WindowsWindow.cpp">
      <Filter>Platform\Windows</Filter>
    </ClCompile>
    <ClCompile Include="src\cypch.cpp" />
  </ItemGroup>
</Project>